{
  "name": "doctrine-z-ai-delivery-k8s-lab",
  "version": "1.0.0",
  "lockfileVersion": 3,
  "requires": true,
  "packages": {
    "": {
      "name": "doctrine-z-ai-delivery-k8s-lab",
      "version": "1.0.0",
      "license": "UNLICENSED",
      "engines": {
        "node": ">=20"
      }
    }
  }
}
